// !$*UTF8*$!
{
	archiveVersion = 1;
	classes = {
	};
	objectVersion = 45;
	objects = {

/* Begin PBXBuildFile section */
		1D3623260D0F684500981E51 /* mobilesynthAppDelegate.mm in Sources */ = {isa = PBXBuildFile; fileRef = 1D3623250D0F684500981E51 /* mobilesynthAppDelegate.mm */; };
		1D60589B0D05DD56006BFB54 /* main.m in Sources */ = {isa = PBXBuildFile; fileRef = 29B97316FDCFA39411CA2CEA /* main.m */; };
		1D60589F0D05DD5A006BFB54 /* Foundation.framework in Frameworks */ = {isa = PBXBuildFile; fileRef = 1D30AB110D05D00D00671497 /* Foundation.framework */; };
		1DF5F4E00D08C38300B7A737 /* UIKit.framework in Frameworks */ = {isa = PBXBuildFile; fileRef = 1DF5F4DF0D08C38300B7A737 /* UIKit.framework */; };
		288765A50DF7441C002DB57D /* CoreGraphics.framework in Frameworks */ = {isa = PBXBuildFile; fileRef = 288765A40DF7441C002DB57D /* CoreGraphics.framework */; };
		2899E5220DE3E06400AC0155 /* mobilesynthViewController.xib in Resources */ = {isa = PBXBuildFile; fileRef = 2899E5210DE3E06400AC0155 /* mobilesynthViewController.xib */; };
		28AD733F0D9D9553002E5188 /* MainWindow.xib in Resources */ = {isa = PBXBuildFile; fileRef = 28AD733E0D9D9553002E5188 /* MainWindow.xib */; };
		28D7ACF80DDB3853001CB0EB /* mobilesynthViewController.mm in Sources */ = {isa = PBXBuildFile; fileRef = 28D7ACF70DDB3853001CB0EB /* mobilesynthViewController.mm */; settings = {COMPILER_FLAGS = "-mno-thumb"; }; };
		2C0145DA0F0DB00400B7A68C /* filter.cpp in Sources */ = {isa = PBXBuildFile; fileRef = 2C0145D80F0DB00400B7A68C /* filter.cpp */; settings = {COMPILER_FLAGS = "-mno-thumb"; }; };
		2C0F179B0F59CC4900DEC873 /* keyboard-min.png in Resources */ = {isa = PBXBuildFile; fileRef = 2C0F179A0F59CC4900DEC873 /* keyboard-min.png */; };
		2C1B9FB50EFDD342008008AD /* AudioOutput.m in Sources */ = {isa = PBXBuildFile; fileRef = 2C1B9FB30EFDD342008008AD /* AudioOutput.m */; };
		2C1BA21B0EFDEF60008008AD /* controller.cpp in Sources */ = {isa = PBXBuildFile; fileRef = 2C1BA2120EFDEF60008008AD /* controller.cpp */; settings = {COMPILER_FLAGS = "-mno-thumb"; }; };
		2C1BA21C0EFDEF60008008AD /* envelope.cpp in Sources */ = {isa = PBXBuildFile; fileRef = 2C1BA2140EFDEF60008008AD /* envelope.cpp */; settings = {COMPILER_FLAGS = "-mno-thumb"; }; };
		2C1BA21D0EFDEF60008008AD /* modulation.cpp in Sources */ = {isa = PBXBuildFile; fileRef = 2C1BA2160EFDEF60008008AD /* modulation.cpp */; settings = {COMPILER_FLAGS = "-mno-thumb"; }; };
		2C1BA21E0EFDEF60008008AD /* oscillator.cpp in Sources */ = {isa = PBXBuildFile; fileRef = 2C1BA2180EFDEF60008008AD /* oscillator.cpp */; settings = {COMPILER_FLAGS = "-mno-thumb"; }; };
		2C3FDD690EF5A94600284C99 /* mobilesynth.png in Resources */ = {isa = PBXBuildFile; fileRef = 2C3FDD670EF5A94600284C99 /* mobilesynth.png */; };
		2C3FDDD80EF5FB5B00284C99 /* square-wave.png in Resources */ = {isa = PBXBuildFile; fileRef = 2C3FDDD70EF5FB5B00284C99 /* square-wave.png */; };
		2C3FDDDB0EF6052B00284C99 /* triangle-wave.png in Resources */ = {isa = PBXBuildFile; fileRef = 2C3FDDDA0EF6052B00284C99 /* triangle-wave.png */; };
		2C3FDDDF0EF606E600284C99 /* sawtooth-wave.png in Resources */ = {isa = PBXBuildFile; fileRef = 2C3FDDDE0EF606E600284C99 /* sawtooth-wave.png */; };
		2C3FDDE10EF6072300284C99 /* reverse-sawtooth-wave.png in Resources */ = {isa = PBXBuildFile; fileRef = 2C3FDDE00EF6072300284C99 /* reverse-sawtooth-wave.png */; };
		2C45731D0F6DFB1D0048DC7C /* key_stack.cpp in Sources */ = {isa = PBXBuildFile; fileRef = 2C45731B0F6DFB1D0048DC7C /* key_stack.cpp */; };
		2C5B31670F2517A800C1D86F /* FilterView.mm in Sources */ = {isa = PBXBuildFile; fileRef = 2C5B31660F2517A800C1D86F /* FilterView.mm */; };
		2C61D50F0F01D33600ECE3A2 /* OscillatorView.mm in Sources */ = {isa = PBXBuildFile; fileRef = 2C61D50E0F01D33600ECE3A2 /* OscillatorView.mm */; };
		2C61D5FD0F01DD2B00ECE3A2 /* EnvelopeView.mm in Sources */ = {isa = PBXBuildFile; fileRef = 2C61D5F80F01DD2B00ECE3A2 /* EnvelopeView.mm */; };
		2C61D5FE0F01DD2B00ECE3A2 /* ModulationView.mm in Sources */ = {isa = PBXBuildFile; fileRef = 2C61D5FA0F01DD2B00ECE3A2 /* ModulationView.mm */; };
		2C61D5FF0F01DD2B00ECE3A2 /* OscillatorDetailView.mm in Sources */ = {isa = PBXBuildFile; fileRef = 2C61D5FC0F01DD2B00ECE3A2 /* OscillatorDetailView.mm */; };
		2C61D7350F01FF5B00ECE3A2 /* attack.png in Resources */ = {isa = PBXBuildFile; fileRef = 2C61D7340F01FF5B00ECE3A2 /* attack.png */; };
		2C61D7370F0208CE00ECE3A2 /* decay.png in Resources */ = {isa = PBXBuildFile; fileRef = 2C61D7360F0208CE00ECE3A2 /* decay.png */; };
		2C61D7390F020AC800ECE3A2 /* sustain.png in Resources */ = {isa = PBXBuildFile; fileRef = 2C61D7380F020AC800ECE3A2 /* sustain.png */; };
		2C61D73C0F020FE200ECE3A2 /* release.png in Resources */ = {isa = PBXBuildFile; fileRef = 2C61D73B0F020FE200ECE3A2 /* release.png */; };
		2C766D9A0F3E28FD009135A8 /* lag_processor.cpp in Sources */ = {isa = PBXBuildFile; fileRef = 2C766D950F3E28FD009135A8 /* lag_processor.cpp */; settings = {COMPILER_FLAGS = "-mno-thumb"; }; };
		2C766D9B0F3E28FD009135A8 /* parameter.cpp in Sources */ = {isa = PBXBuildFile; fileRef = 2C766D970F3E28FD009135A8 /* parameter.cpp */; settings = {COMPILER_FLAGS = "-mno-thumb"; }; };
		2C80E89E0EF4773C0083E440 /* KeyboardView.m in Sources */ = {isa = PBXBuildFile; fileRef = 2C80E89D0EF4773C0083E440 /* KeyboardView.m */; };
		2CEA46A60F03329800772FF7 /* AudioToolbox.framework in Frameworks */ = {isa = PBXBuildFile; fileRef = 2CEA46A50F03329800772FF7 /* AudioToolbox.framework */; };
		2CF108860F51FF1000968084 /* Icon.png in Resources */ = {isa = PBXBuildFile; fileRef = 2CF108850F51FF1000968084 /* Icon.png */; };
		2CF108A10F52073900968084 /* Default.png in Resources */ = {isa = PBXBuildFile; fileRef = 2CF108A00F52073900968084 /* Default.png */; };
/* End PBXBuildFile section */

/* Begin PBXFileReference section */
		1D30AB110D05D00D00671497 /* Foundation.framework */ = {isa = PBXFileReference; lastKnownFileType = wrapper.framework; name = Foundation.framework; path = System/Library/Frameworks/Foundation.framework; sourceTree = SDKROOT; };
		1D3623240D0F684500981E51 /* mobilesynthAppDelegate.h */ = {isa = PBXFileReference; fileEncoding = 4; lastKnownFileType = sourcecode.c.h; path = mobilesynthAppDelegate.h; sourceTree = "<group>"; };
		1D3623250D0F684500981E51 /* mobilesynthAppDelegate.mm */ = {isa = PBXFileReference; fileEncoding = 4; lastKnownFileType = sourcecode.cpp.objcpp; path = mobilesynthAppDelegate.mm; sourceTree = "<group>"; };
		1D6058910D05DD3D006BFB54 /* mobilesynth.app */ = {isa = PBXFileReference; explicitFileType = wrapper.application; includeInIndex = 0; path = mobilesynth.app; sourceTree = BUILT_PRODUCTS_DIR; };
		1DF5F4DF0D08C38300B7A737 /* UIKit.framework */ = {isa = PBXFileReference; lastKnownFileType = wrapper.framework; name = UIKit.framework; path = System/Library/Frameworks/UIKit.framework; sourceTree = SDKROOT; };
		288765A40DF7441C002DB57D /* CoreGraphics.framework */ = {isa = PBXFileReference; lastKnownFileType = wrapper.framework; name = CoreGraphics.framework; path = System/Library/Frameworks/CoreGraphics.framework; sourceTree = SDKROOT; };
		2899E5210DE3E06400AC0155 /* mobilesynthViewController.xib */ = {isa = PBXFileReference; lastKnownFileType = file.xib; path = mobilesynthViewController.xib; sourceTree = "<group>"; };
		28AD733E0D9D9553002E5188 /* MainWindow.xib */ = {isa = PBXFileReference; lastKnownFileType = file.xib; path = MainWindow.xib; sourceTree = "<group>"; };
		28D7ACF60DDB3853001CB0EB /* mobilesynthViewController.h */ = {isa = PBXFileReference; fileEncoding = 4; lastKnownFileType = sourcecode.c.h; path = mobilesynthViewController.h; sourceTree = "<group>"; };
		28D7ACF70DDB3853001CB0EB /* mobilesynthViewController.mm */ = {isa = PBXFileReference; fileEncoding = 4; lastKnownFileType = sourcecode.cpp.objcpp; path = mobilesynthViewController.mm; sourceTree = "<group>"; };
		29B97316FDCFA39411CA2CEA /* main.m */ = {isa = PBXFileReference; fileEncoding = 4; lastKnownFileType = sourcecode.c.objc; path = main.m; sourceTree = "<group>"; };
		2C0145D80F0DB00400B7A68C /* filter.cpp */ = {isa = PBXFileReference; fileEncoding = 4; lastKnownFileType = sourcecode.cpp.cpp; name = filter.cpp; path = synth/filter.cpp; sourceTree = "<group>"; };
		2C0145D90F0DB00400B7A68C /* filter.h */ = {isa = PBXFileReference; fileEncoding = 4; lastKnownFileType = sourcecode.c.h; name = filter.h; path = synth/filter.h; sourceTree = "<group>"; };
		2C0F179A0F59CC4900DEC873 /* keyboard-min.png */ = {isa = PBXFileReference; lastKnownFileType = image.png; name = "keyboard-min.png"; path = "images/keyboard-min.png"; sourceTree = "<group>"; };
		2C1B9FB30EFDD342008008AD /* AudioOutput.m */ = {isa = PBXFileReference; fileEncoding = 4; lastKnownFileType = sourcecode.c.objc; path = AudioOutput.m; sourceTree = "<group>"; };
		2C1B9FB40EFDD342008008AD /* AudioOutput.h */ = {isa = PBXFileReference; fileEncoding = 4; lastKnownFileType = sourcecode.c.h; path = AudioOutput.h; sourceTree = "<group>"; };
		2C1BA2120EFDEF60008008AD /* controller.cpp */ = {isa = PBXFileReference; fileEncoding = 4; lastKnownFileType = sourcecode.cpp.cpp; name = controller.cpp; path = synth/controller.cpp; sourceTree = "<group>"; };
		2C1BA2130EFDEF60008008AD /* controller.h */ = {isa = PBXFileReference; fileEncoding = 4; lastKnownFileType = sourcecode.c.h; name = controller.h; path = synth/controller.h; sourceTree = "<group>"; };
		2C1BA2140EFDEF60008008AD /* envelope.cpp */ = {isa = PBXFileReference; fileEncoding = 4; lastKnownFileType = sourcecode.cpp.cpp; name = envelope.cpp; path = synth/envelope.cpp; sourceTree = "<group>"; };
		2C1BA2150EFDEF60008008AD /* envelope.h */ = {isa = PBXFileReference; fileEncoding = 4; lastKnownFileType = sourcecode.c.h; name = envelope.h; path = synth/envelope.h; sourceTree = "<group>"; };
		2C1BA2160EFDEF60008008AD /* modulation.cpp */ = {isa = PBXFileReference; fileEncoding = 4; lastKnownFileType = sourcecode.cpp.cpp; name = modulation.cpp; path = synth/modulation.cpp; sourceTree = "<group>"; };
		2C1BA2170EFDEF60008008AD /* modulation.h */ = {isa = PBXFileReference; fileEncoding = 4; lastKnownFileType = sourcecode.c.h; name = modulation.h; path = synth/modulation.h; sourceTree = "<group>"; };
		2C1BA2180EFDEF60008008AD /* oscillator.cpp */ = {isa = PBXFileReference; fileEncoding = 4; lastKnownFileType = sourcecode.cpp.cpp; name = oscillator.cpp; path = synth/oscillator.cpp; sourceTree = "<group>"; };
		2C1BA2190EFDEF60008008AD /* oscillator.h */ = {isa = PBXFileReference; fileEncoding = 4; lastKnownFileType = sourcecode.c.h; name = oscillator.h; path = synth/oscillator.h; sourceTree = "<group>"; };
		2C3FDD670EF5A94600284C99 /* mobilesynth.png */ = {isa = PBXFileReference; lastKnownFileType = image.png; name = mobilesynth.png; path = images/mobilesynth.png; sourceTree = "<group>"; };
		2C3FDDD70EF5FB5B00284C99 /* square-wave.png */ = {isa = PBXFileReference; lastKnownFileType = image.png; name = "square-wave.png"; path = "images/square-wave.png"; sourceTree = "<group>"; };
		2C3FDDDA0EF6052B00284C99 /* triangle-wave.png */ = {isa = PBXFileReference; lastKnownFileType = image.png; name = "triangle-wave.png"; path = "images/triangle-wave.png"; sourceTree = "<group>"; };
		2C3FDDDE0EF606E600284C99 /* sawtooth-wave.png */ = {isa = PBXFileReference; lastKnownFileType = image.png; name = "sawtooth-wave.png"; path = "images/sawtooth-wave.png"; sourceTree = "<group>"; };
		2C3FDDE00EF6072300284C99 /* reverse-sawtooth-wave.png */ = {isa = PBXFileReference; lastKnownFileType = image.png; name = "reverse-sawtooth-wave.png"; path = "images/reverse-sawtooth-wave.png"; sourceTree = "<group>"; };
		2C45731B0F6DFB1D0048DC7C /* key_stack.cpp */ = {isa = PBXFileReference; fileEncoding = 4; lastKnownFileType = sourcecode.cpp.cpp; name = key_stack.cpp; path = synth/key_stack.cpp; sourceTree = "<group>"; };
		2C45731C0F6DFB1D0048DC7C /* key_stack.h */ = {isa = PBXFileReference; fileEncoding = 4; lastKnownFileType = sourcecode.c.h; name = key_stack.h; path = synth/key_stack.h; sourceTree = "<group>"; };
		2C5B31650F2517A800C1D86F /* FilterView.h */ = {isa = PBXFileReference; fileEncoding = 4; lastKnownFileType = sourcecode.c.h; path = FilterView.h; sourceTree = "<group>"; };
		2C5B31660F2517A800C1D86F /* FilterView.mm */ = {isa = PBXFileReference; fileEncoding = 4; lastKnownFileType = sourcecode.cpp.objcpp; path = FilterView.mm; sourceTree = "<group>"; };
		2C61D50D0F01D33600ECE3A2 /* OscillatorView.h */ = {isa = PBXFileReference; fileEncoding = 4; lastKnownFileType = sourcecode.c.h; path = OscillatorView.h; sourceTree = "<group>"; };
		2C61D50E0F01D33600ECE3A2 /* OscillatorView.mm */ = {isa = PBXFileReference; fileEncoding = 4; lastKnownFileType = sourcecode.cpp.objcpp; path = OscillatorView.mm; sourceTree = "<group>"; };
		2C61D5F70F01DD2B00ECE3A2 /* EnvelopeView.h */ = {isa = PBXFileReference; fileEncoding = 4; lastKnownFileType = sourcecode.c.h; path = EnvelopeView.h; sourceTree = "<group>"; };
		2C61D5F80F01DD2B00ECE3A2 /* EnvelopeView.mm */ = {isa = PBXFileReference; fileEncoding = 4; lastKnownFileType = sourcecode.cpp.objcpp; path = EnvelopeView.mm; sourceTree = "<group>"; };
		2C61D5F90F01DD2B00ECE3A2 /* ModulationView.h */ = {isa = PBXFileReference; fileEncoding = 4; lastKnownFileType = sourcecode.c.h; path = ModulationView.h; sourceTree = "<group>"; };
		2C61D5FA0F01DD2B00ECE3A2 /* ModulationView.mm */ = {isa = PBXFileReference; fileEncoding = 4; lastKnownFileType = sourcecode.cpp.objcpp; path = ModulationView.mm; sourceTree = "<group>"; };
		2C61D5FB0F01DD2B00ECE3A2 /* OscillatorDetailView.h */ = {isa = PBXFileReference; fileEncoding = 4; lastKnownFileType = sourcecode.c.h; path = OscillatorDetailView.h; sourceTree = "<group>"; };
		2C61D5FC0F01DD2B00ECE3A2 /* OscillatorDetailView.mm */ = {isa = PBXFileReference; fileEncoding = 4; lastKnownFileType = sourcecode.cpp.objcpp; path = OscillatorDetailView.mm; sourceTree = "<group>"; };
		2C61D7340F01FF5B00ECE3A2 /* attack.png */ = {isa = PBXFileReference; lastKnownFileType = image.png; name = attack.png; path = images/attack.png; sourceTree = "<group>"; };
		2C61D7360F0208CE00ECE3A2 /* decay.png */ = {isa = PBXFileReference; lastKnownFileType = image.png; name = decay.png; path = images/decay.png; sourceTree = "<group>"; };
		2C61D7380F020AC800ECE3A2 /* sustain.png */ = {isa = PBXFileReference; lastKnownFileType = image.png; name = sustain.png; path = images/sustain.png; sourceTree = "<group>"; };
		2C61D73B0F020FE200ECE3A2 /* release.png */ = {isa = PBXFileReference; lastKnownFileType = image.png; name = release.png; path = images/release.png; sourceTree = "<group>"; };
		2C766D950F3E28FD009135A8 /* lag_processor.cpp */ = {isa = PBXFileReference; fileEncoding = 4; lastKnownFileType = sourcecode.cpp.cpp; name = lag_processor.cpp; path = synth/lag_processor.cpp; sourceTree = "<group>"; };
		2C766D960F3E28FD009135A8 /* lag_processor.h */ = {isa = PBXFileReference; fileEncoding = 4; lastKnownFileType = sourcecode.c.h; name = lag_processor.h; path = synth/lag_processor.h; sourceTree = "<group>"; };
		2C766D970F3E28FD009135A8 /* parameter.cpp */ = {isa = PBXFileReference; fileEncoding = 4; lastKnownFileType = sourcecode.cpp.cpp; name = parameter.cpp; path = synth/parameter.cpp; sourceTree = "<group>"; };
		2C766D980F3E28FD009135A8 /* parameter.h */ = {isa = PBXFileReference; fileEncoding = 4; lastKnownFileType = sourcecode.c.h; name = parameter.h; path = synth/parameter.h; sourceTree = "<group>"; };
		2C80E89C0EF4773C0083E440 /* KeyboardView.h */ = {isa = PBXFileReference; fileEncoding = 4; lastKnownFileType = sourcecode.c.h; path = KeyboardView.h; sourceTree = "<group>"; };
		2C80E89D0EF4773C0083E440 /* KeyboardView.m */ = {isa = PBXFileReference; fileEncoding = 4; lastKnownFileType = sourcecode.c.objc; path = KeyboardView.m; sourceTree = "<group>"; };
		2CEA46A50F03329800772FF7 /* AudioToolbox.framework */ = {isa = PBXFileReference; lastKnownFileType = wrapper.framework; name = AudioToolbox.framework; path = System/Library/Frameworks/AudioToolbox.framework; sourceTree = SDKROOT; };
		2CF108850F51FF1000968084 /* Icon.png */ = {isa = PBXFileReference; lastKnownFileType = image.png; path = Icon.png; sourceTree = "<group>"; };
		2CF108A00F52073900968084 /* Default.png */ = {isa = PBXFileReference; lastKnownFileType = image.png; path = Default.png; sourceTree = "<group>"; };
		32CA4F630368D1EE00C91783 /* mobilesynth_Prefix.pch */ = {isa = PBXFileReference; fileEncoding = 4; lastKnownFileType = sourcecode.c.h; path = mobilesynth_Prefix.pch; sourceTree = "<group>"; };
		8D1107310486CEB800E47090 /* Info.plist */ = {isa = PBXFileReference; fileEncoding = 4; lastKnownFileType = text.plist.xml; path = Info.plist; sourceTree = "<group>"; };
/* End PBXFileReference section */

/* Begin PBXFrameworksBuildPhase section */
		1D60588F0D05DD3D006BFB54 /* Frameworks */ = {
			isa = PBXFrameworksBuildPhase;
			buildActionMask = 2147483647;
			files = (
				1D60589F0D05DD5A006BFB54 /* Foundation.framework in Frameworks */,
				1DF5F4E00D08C38300B7A737 /* UIKit.framework in Frameworks */,
				288765A50DF7441C002DB57D /* CoreGraphics.framework in Frameworks */,
				2CEA46A60F03329800772FF7 /* AudioToolbox.framework in Frameworks */,
			);
			runOnlyForDeploymentPostprocessing = 0;
		};
/* End PBXFrameworksBuildPhase section */

/* Begin PBXGroup section */
		080E96DDFE201D6D7F000001 /* Classes */ = {
			isa = PBXGroup;
			children = (
				2C61D51A0F01D36E00ECE3A2 /* Controls */,
				2C1BA2070EFDEF29008008AD /* synth */,
				2C1B9FB30EFDD342008008AD /* AudioOutput.m */,
				2C1B9FB40EFDD342008008AD /* AudioOutput.h */,
				1D3623240D0F684500981E51 /* mobilesynthAppDelegate.h */,
				1D3623250D0F684500981E51 /* mobilesynthAppDelegate.mm */,
				28D7ACF60DDB3853001CB0EB /* mobilesynthViewController.h */,
				28D7ACF70DDB3853001CB0EB /* mobilesynthViewController.mm */,
				2C80E89C0EF4773C0083E440 /* KeyboardView.h */,
				2C80E89D0EF4773C0083E440 /* KeyboardView.m */,
			);
			path = Classes;
			sourceTree = "<group>";
		};
		19C28FACFE9D520D11CA2CBB /* Products */ = {
			isa = PBXGroup;
			children = (
				1D6058910D05DD3D006BFB54 /* mobilesynth.app */,
			);
			name = Products;
			sourceTree = "<group>";
		};
		29B97314FDCFA39411CA2CEA /* CustomTemplate */ = {
			isa = PBXGroup;
			children = (
				080E96DDFE201D6D7F000001 /* Classes */,
				29B97315FDCFA39411CA2CEA /* Other Sources */,
				29B97317FDCFA39411CA2CEA /* Resources */,
				29B97323FDCFA39411CA2CEA /* Frameworks */,
				19C28FACFE9D520D11CA2CBB /* Products */,
			);
			name = CustomTemplate;
			sourceTree = "<group>";
		};
		29B97315FDCFA39411CA2CEA /* Other Sources */ = {
			isa = PBXGroup;
			children = (
				32CA4F630368D1EE00C91783 /* mobilesynth_Prefix.pch */,
				29B97316FDCFA39411CA2CEA /* main.m */,
			);
			name = "Other Sources";
			sourceTree = "<group>";
		};
		29B97317FDCFA39411CA2CEA /* Resources */ = {
			isa = PBXGroup;
			children = (
				2C0F179A0F59CC4900DEC873 /* keyboard-min.png */,
				2CF108A00F52073900968084 /* Default.png */,
				2CF108850F51FF1000968084 /* Icon.png */,
				2C61D73B0F020FE200ECE3A2 /* release.png */,
				2C61D7380F020AC800ECE3A2 /* sustain.png */,
				2C61D7360F0208CE00ECE3A2 /* decay.png */,
				2C61D7340F01FF5B00ECE3A2 /* attack.png */,
				2C3FDDE00EF6072300284C99 /* reverse-sawtooth-wave.png */,
				2C3FDDDE0EF606E600284C99 /* sawtooth-wave.png */,
				2C3FDDDA0EF6052B00284C99 /* triangle-wave.png */,
				2C3FDDD70EF5FB5B00284C99 /* square-wave.png */,
				2C3FDD670EF5A94600284C99 /* mobilesynth.png */,
				2899E5210DE3E06400AC0155 /* mobilesynthViewController.xib */,
				28AD733E0D9D9553002E5188 /* MainWindow.xib */,
				8D1107310486CEB800E47090 /* Info.plist */,
			);
			name = Resources;
			sourceTree = "<group>";
		};
		29B97323FDCFA39411CA2CEA /* Frameworks */ = {
			isa = PBXGroup;
			children = (
				2CEA46A50F03329800772FF7 /* AudioToolbox.framework */,
				1DF5F4DF0D08C38300B7A737 /* UIKit.framework */,
				1D30AB110D05D00D00671497 /* Foundation.framework */,
				288765A40DF7441C002DB57D /* CoreGraphics.framework */,
			);
			name = Frameworks;
			sourceTree = "<group>";
		};
		2C1BA2070EFDEF29008008AD /* synth */ = {
			isa = PBXGroup;
			children = (
				2C45731B0F6DFB1D0048DC7C /* key_stack.cpp */,
				2C45731C0F6DFB1D0048DC7C /* key_stack.h */,
				2C766D950F3E28FD009135A8 /* lag_processor.cpp */,
				2C766D960F3E28FD009135A8 /* lag_processor.h */,
				2C766D970F3E28FD009135A8 /* parameter.cpp */,
				2C766D980F3E28FD009135A8 /* parameter.h */,
				2C0145D80F0DB00400B7A68C /* filter.cpp */,
				2C0145D90F0DB00400B7A68C /* filter.h */,
				2C1BA2120EFDEF60008008AD /* controller.cpp */,
				2C1BA2130EFDEF60008008AD /* controller.h */,
				2C1BA2140EFDEF60008008AD /* envelope.cpp */,
				2C1BA2150EFDEF60008008AD /* envelope.h */,
				2C1BA2160EFDEF60008008AD /* modulation.cpp */,
				2C1BA2170EFDEF60008008AD /* modulation.h */,
				2C1BA2180EFDEF60008008AD /* oscillator.cpp */,
				2C1BA2190EFDEF60008008AD /* oscillator.h */,
			);
			name = synth;
			sourceTree = "<group>";
		};
		2C61D51A0F01D36E00ECE3A2 /* Controls */ = {
			isa = PBXGroup;
			children = (
				2C61D5F70F01DD2B00ECE3A2 /* EnvelopeView.h */,
				2C61D5F80F01DD2B00ECE3A2 /* EnvelopeView.mm */,
				2C61D5F90F01DD2B00ECE3A2 /* ModulationView.h */,
				2C61D5FA0F01DD2B00ECE3A2 /* ModulationView.mm */,
				2C61D5FB0F01DD2B00ECE3A2 /* OscillatorDetailView.h */,
				2C61D5FC0F01DD2B00ECE3A2 /* OscillatorDetailView.mm */,
				2C61D50D0F01D33600ECE3A2 /* OscillatorView.h */,
				2C61D50E0F01D33600ECE3A2 /* OscillatorView.mm */,
				2C5B31650F2517A800C1D86F /* FilterView.h */,
				2C5B31660F2517A800C1D86F /* FilterView.mm */,
			);
			name = Controls;
			sourceTree = "<group>";
		};
/* End PBXGroup section */

/* Begin PBXNativeTarget section */
		1D6058900D05DD3D006BFB54 /* mobilesynth */ = {
			isa = PBXNativeTarget;
			buildConfigurationList = 1D6058960D05DD3E006BFB54 /* Build configuration list for PBXNativeTarget "mobilesynth" */;
			buildPhases = (
				1D60588D0D05DD3D006BFB54 /* Resources */,
				1D60588E0D05DD3D006BFB54 /* Sources */,
				1D60588F0D05DD3D006BFB54 /* Frameworks */,
			);
			buildRules = (
			);
			dependencies = (
			);
			name = mobilesynth;
			productName = mobilesynth;
			productReference = 1D6058910D05DD3D006BFB54 /* mobilesynth.app */;
			productType = "com.apple.product-type.application";
		};
/* End PBXNativeTarget section */

/* Begin PBXProject section */
		29B97313FDCFA39411CA2CEA /* Project object */ = {
			isa = PBXProject;
			buildConfigurationList = C01FCF4E08A954540054247B /* Build configuration list for PBXProject "mobilesynth" */;
			compatibilityVersion = "Xcode 3.1";
			hasScannedForEncodings = 1;
			mainGroup = 29B97314FDCFA39411CA2CEA /* CustomTemplate */;
			projectDirPath = "";
			projectRoot = "";
			targets = (
				1D6058900D05DD3D006BFB54 /* mobilesynth */,
			);
		};
/* End PBXProject section */

/* Begin PBXResourcesBuildPhase section */
		1D60588D0D05DD3D006BFB54 /* Resources */ = {
			isa = PBXResourcesBuildPhase;
			buildActionMask = 2147483647;
			files = (
				28AD733F0D9D9553002E5188 /* MainWindow.xib in Resources */,
				2899E5220DE3E06400AC0155 /* mobilesynthViewController.xib in Resources */,
				2C3FDD690EF5A94600284C99 /* mobilesynth.png in Resources */,
				2C3FDDD80EF5FB5B00284C99 /* square-wave.png in Resources */,
				2C3FDDDB0EF6052B00284C99 /* triangle-wave.png in Resources */,
				2C3FDDDF0EF606E600284C99 /* sawtooth-wave.png in Resources */,
				2C3FDDE10EF6072300284C99 /* reverse-sawtooth-wave.png in Resources */,
				2C61D7350F01FF5B00ECE3A2 /* attack.png in Resources */,
				2C61D7370F0208CE00ECE3A2 /* decay.png in Resources */,
				2C61D7390F020AC800ECE3A2 /* sustain.png in Resources */,
				2C61D73C0F020FE200ECE3A2 /* release.png in Resources */,
				2CF108860F51FF1000968084 /* Icon.png in Resources */,
				2CF108A10F52073900968084 /* Default.png in Resources */,
				2C0F179B0F59CC4900DEC873 /* keyboard-min.png in Resources */,
			);
			runOnlyForDeploymentPostprocessing = 0;
		};
/* End PBXResourcesBuildPhase section */

/* Begin PBXSourcesBuildPhase section */
		1D60588E0D05DD3D006BFB54 /* Sources */ = {
			isa = PBXSourcesBuildPhase;
			buildActionMask = 2147483647;
			files = (
				1D60589B0D05DD56006BFB54 /* main.m in Sources */,
				1D3623260D0F684500981E51 /* mobilesynthAppDelegate.mm in Sources */,
				28D7ACF80DDB3853001CB0EB /* mobilesynthViewController.mm in Sources */,
				2C80E89E0EF4773C0083E440 /* KeyboardView.m in Sources */,
				2C1B9FB50EFDD342008008AD /* AudioOutput.m in Sources */,
				2C1BA21B0EFDEF60008008AD /* controller.cpp in Sources */,
				2C1BA21C0EFDEF60008008AD /* envelope.cpp in Sources */,
				2C1BA21D0EFDEF60008008AD /* modulation.cpp in Sources */,
				2C1BA21E0EFDEF60008008AD /* oscillator.cpp in Sources */,
				2C61D50F0F01D33600ECE3A2 /* OscillatorView.mm in Sources */,
				2C61D5FD0F01DD2B00ECE3A2 /* EnvelopeView.mm in Sources */,
				2C61D5FE0F01DD2B00ECE3A2 /* ModulationView.mm in Sources */,
				2C61D5FF0F01DD2B00ECE3A2 /* OscillatorDetailView.mm in Sources */,
				2C0145DA0F0DB00400B7A68C /* filter.cpp in Sources */,
				2C5B31670F2517A800C1D86F /* FilterView.mm in Sources */,
				2C766D9A0F3E28FD009135A8 /* lag_processor.cpp in Sources */,
				2C766D9B0F3E28FD009135A8 /* parameter.cpp in Sources */,
				2C45731D0F6DFB1D0048DC7C /* key_stack.cpp in Sources */,
			);
			runOnlyForDeploymentPostprocessing = 0;
		};
/* End PBXSourcesBuildPhase section */

/* Begin XCBuildConfiguration section */
		1D6058940D05DD3E006BFB54 /* Debug */ = {
			isa = XCBuildConfiguration;
			buildSettings = {
				ALWAYS_SEARCH_USER_PATHS = NO;
				COPY_PHASE_STRIP = NO;
				GCC_DYNAMIC_NO_PIC = NO;
				GCC_OPTIMIZATION_LEVEL = 0;
				GCC_PRECOMPILE_PREFIX_HEADER = YES;
				GCC_PREFIX_HEADER = mobilesynth_Prefix.pch;
				INFOPLIST_FILE = Info.plist;
				PRODUCT_NAME = mobilesynth;
			};
			name = Debug;
		};
		1D6058950D05DD3E006BFB54 /* Release */ = {
			isa = XCBuildConfiguration;
			buildSettings = {
				ALWAYS_SEARCH_USER_PATHS = NO;
				COPY_PHASE_STRIP = YES;
				GCC_PRECOMPILE_PREFIX_HEADER = YES;
				GCC_PREFIX_HEADER = mobilesynth_Prefix.pch;
				INFOPLIST_FILE = Info.plist;
				PRODUCT_NAME = mobilesynth;
			};
			name = Release;
		};
		2CA328BE0F5A4C400027F959 /* Distribution */ = {
			isa = XCBuildConfiguration;
			buildSettings = {
				ARCHS = "$(ARCHS_STANDARD_32_BIT)";
				CODE_SIGN_IDENTITY = "iPhone Distribution: Allen Porter";
				"CODE_SIGN_IDENTITY[sdk=iphoneos*]" = "iPhone Distribution: Allen Porter";
				GCC_C_LANGUAGE_STANDARD = c99;
				GCC_WARN_ABOUT_RETURN_TYPE = YES;
				GCC_WARN_UNUSED_VARIABLE = YES;
				PREBINDING = NO;
				PROVISIONING_PROFILE = "B7F75DCF-C1F9-4F99-B0CA-3F9466AEF8A4";
				"PROVISIONING_PROFILE[sdk=iphoneos*]" = "B7F75DCF-C1F9-4F99-B0CA-3F9466AEF8A4";
				SDKROOT = iphoneos2.1;
				USER_HEADER_SEARCH_PATHS = Classes;
			};
			name = Distribution;
		};
		2CA328BF0F5A4C400027F959 /* Distribution */ = {
			isa = XCBuildConfiguration;
			buildSettings = {
				ALWAYS_SEARCH_USER_PATHS = NO;
				COPY_PHASE_STRIP = YES;
				GCC_PRECOMPILE_PREFIX_HEADER = YES;
				GCC_PREFIX_HEADER = mobilesynth_Prefix.pch;
				INFOPLIST_FILE = Info.plist;
				PRODUCT_NAME = mobilesynth;
			};
			name = Distribution;
		};
		C01FCF4F08A954540054247B /* Debug */ = {
			isa = XCBuildConfiguration;
			buildSettings = {
				ALWAYS_SEARCH_USER_PATHS = YES;
				ARCHS = "$(ARCHS_STANDARD_32_BIT)";
				CODE_SIGN_IDENTITY = "iPhone Developer: Allen Porter";
				"CODE_SIGN_IDENTITY[sdk=iphoneos*]" = "iPhone Developer: Allen Porter";
				CODE_SIGN_RESOURCE_RULES_PATH = "";
				GCC_C_LANGUAGE_STANDARD = c99;
				GCC_WARN_ABOUT_RETURN_TYPE = YES;
				GCC_WARN_UNUSED_VARIABLE = YES;
				HEADER_SEARCH_PATHS = "";
				ONLY_ACTIVE_ARCH = YES;
				PREBINDING = NO;
				PROVISIONING_PROFILE = "C1A8D510-C6F3-4C50-A8F4-17B63C79D60E";
				"PROVISIONING_PROFILE[sdk=iphoneos*]" = "C1A8D510-C6F3-4C50-A8F4-17B63C79D60E";
				SDKROOT = iphoneos2.2;
				USER_HEADER_SEARCH_PATHS = Classes/;
			};
			name = Debug;
		};
		C01FCF5008A954540054247B /* Release */ = {
			isa = XCBuildConfiguration;
			buildSettings = {
				ARCHS = "$(ARCHS_STANDARD_32_BIT)";
				"CODE_SIGN_IDENTITY[sdk=iphoneos*]" = "iPhone Developer";
				GCC_C_LANGUAGE_STANDARD = c99;
				GCC_WARN_ABOUT_RETURN_TYPE = YES;
				GCC_WARN_UNUSED_VARIABLE = YES;
				PREBINDING = NO;
				SDKROOT = iphoneos2.1;
				USER_HEADER_SEARCH_PATHS = Classes;
			};
			name = Release;
		};
/* End XCBuildConfiguration section */

/* Begin XCConfigurationList section */
		1D6058960D05DD3E006BFB54 /* Build configuration list for PBXNativeTarget "mobilesynth" */ = {
			isa = XCConfigurationList;
			buildConfigurations = (
				1D6058940D05DD3E006BFB54 /* Debug */,
				1D6058950D05DD3E006BFB54 /* Release */,
				2CA328BF0F5A4C400027F959 /* Distribution */,
			);
			defaultConfigurationIsVisible = 0;
			defaultConfigurationName = Release;
		};
		C01FCF4E08A954540054247B /* Build configuration list for PBXProject "mobilesynth" */ = {
			isa = XCConfigurationList;
			buildConfigurations = (
				C01FCF4F08A954540054247B /* Debug */,
				C01FCF5008A954540054247B /* Release */,
				2CA328BE0F5A4C400027F959 /* Distribution */,
			);
			defaultConfigurationIsVisible = 0;
			defaultConfigurationName = Release;
		};
/* End XCConfigurationList section */
	};
	rootObject = 29B97313FDCFA39411CA2CEA /* Project object */;
}
